
Microsoft Visual Studio Solution File, Format Version 12.00
# Visual Studio 15
VisualStudioVersion = 15.0.28010.2046
MinimumVisualStudioVersion = 10.0.40219.1
Project("{FAE04EC0-301F-11D3-BF4B-00C04F79EFBC}") = "Wix.AdvancedHarvestTask", "Wix.AdvancedHarvestTask\Wix.AdvancedHarvestTask.csproj", "{3722A6C3-F957-4A9B-8D03-5F3F039987B2}"
EndProject
Project("{FAE04EC0-301F-11D3-BF4B-00C04F79EFBC}") = "Wix.AdvancedHarvestTaskUnitTests", "Wix.AdvancedHarvestTaskUnitTests\Wix.AdvancedHarvestTaskUnitTests.csproj", "{39C2A7F6-D08D-4511-BE07-336C98D5C522}"
EndProject
Global
	GlobalSection(SolutionConfigurationPlatforms) = preSolution
		Debug|Any CPU = Debug|Any CPU
		Release|Any CPU = Release|Any CPU
	EndGlobalSection
	GlobalSection(ProjectConfigurationPlatforms) = postSolution
		{3722A6C3-F957-4A9B-8D03-5F3F039987B2}.Debug|Any CPU.ActiveCfg = Debug|Any CPU
		{3722A6C3-F957-4A9B-8D03-5F3F039987B2}.Debug|Any CPU.Build.0 = Debug|Any CPU
		{3722A6C3-F957-4A9B-8D03-5F3F039987B2}.Release|Any CPU.ActiveCfg = Release|Any CPU
		{3722A6C3-F957-4A9B-8D03-5F3F039987B2}.Release|Any CPU.Build.0 = Release|Any CPU
		{39C2A7F6-D08D-4511-BE07-336C98D5C522}.Debug|Any CPU.ActiveCfg = Debug|Any CPU
		{39C2A7F6-D08D-4511-BE07-336C98D5C522}.Debug|Any CPU.Build.0 = Debug|Any CPU
		{39C2A7F6-D08D-4511-BE07-336C98D5C522}.Release|Any CPU.ActiveCfg = Release|Any CPU
		{39C2A7F6-D08D-4511-BE07-336C98D5C522}.Release|Any CPU.Build.0 = Release|Any CPU
	EndGlobalSection
	GlobalSection(SolutionProperties) = preSolution
		HideSolutionNode = FALSE
	EndGlobalSection
	GlobalSection(ExtensibilityGlobals) = postSolution
		SolutionGuid = {5B4488F1-47CB-4974-B11F-288C82970D2A}
	EndGlobalSection
EndGlobal
